
Microsoft Visual Studio Solution File, Format Version 12.00
# Visual Studio Version 17
VisualStudioVersion = 17.8.34525.116
MinimumVisualStudioVersion = 10.0.40219.1
Project("{FAE04EC0-301F-11D3-BF4B-00C04F79EFBC}") = "Mission5_Stevens", "Mission5_Stevens\Mission5_Stevens.csproj", "{B10768FA-1C4E-4D3A-A028-9D467A900A4C}"
EndProject
Global
	GlobalSection(SolutionConfigurationPlatforms) = preSolution
		Debug|Any CPU = Debug|Any CPU
		Release|Any CPU = Release|Any CPU
	EndGlobalSection
	GlobalSection(ProjectConfigurationPlatforms) = postSolution
		{B10768FA-1C4E-4D3A-A028-9D467A900A4C}.Debug|Any CPU.ActiveCfg = Debug|Any CPU
		{B10768FA-1C4E-4D3A-A028-9D467A900A4C}.Debug|Any CPU.Build.0 = Debug|Any CPU
		{B10768FA-1C4E-4D3A-A028-9D467A900A4C}.Release|Any CPU.ActiveCfg = Release|Any CPU
		{B10768FA-1C4E-4D3A-A028-9D467A900A4C}.Release|Any CPU.Build.0 = Release|Any CPU
	EndGlobalSection
	GlobalSection(SolutionProperties) = preSolution
		HideSolutionNode = FALSE
	EndGlobalSection
	GlobalSection(ExtensibilityGlobals) = postSolution
		SolutionGuid = {0F94D23B-70D5-4FDA-B900-662BAA5076B5}
	EndGlobalSection
EndGlobal
